
Microsoft Visual Studio Solution File, Format Version 12.00
# Visual Studio Version 16
VisualStudioVersion = 16.0.30717.126
MinimumVisualStudioVersion = 10.0.40219.1
Project("{FAE04EC0-301F-11D3-BF4B-00C04F79EFBC}") = "WebAPI", "WebAPI\WebAPI.csproj", "{46F09D2C-6867-48A0-8E2C-01CDD786312D}"
EndProject
Project("{FAE04EC0-301F-11D3-BF4B-00C04F79EFBC}") = "MVC", "MVC\MVC.csproj", "{CF9DF92D-E2C7-4A47-A797-6A0ED196D77E}"
EndProject
Global
	GlobalSection(SolutionConfigurationPlatforms) = preSolution
		Debug|Any CPU = Debug|Any CPU
		Release|Any CPU = Release|Any CPU
	EndGlobalSection
	GlobalSection(ProjectConfigurationPlatforms) = postSolution
		{46F09D2C-6867-48A0-8E2C-01CDD786312D}.Debug|Any CPU.ActiveCfg = Debug|Any CPU
		{46F09D2C-6867-48A0-8E2C-01CDD786312D}.Debug|Any CPU.Build.0 = Debug|Any CPU
		{46F09D2C-6867-48A0-8E2C-01CDD786312D}.Release|Any CPU.ActiveCfg = Release|Any CPU
		{46F09D2C-6867-48A0-8E2C-01CDD786312D}.Release|Any CPU.Build.0 = Release|Any CPU
		{CF9DF92D-E2C7-4A47-A797-6A0ED196D77E}.Debug|Any CPU.ActiveCfg = Debug|Any CPU
		{CF9DF92D-E2C7-4A47-A797-6A0ED196D77E}.Debug|Any CPU.Build.0 = Debug|Any CPU
		{CF9DF92D-E2C7-4A47-A797-6A0ED196D77E}.Release|Any CPU.ActiveCfg = Release|Any CPU
		{CF9DF92D-E2C7-4A47-A797-6A0ED196D77E}.Release|Any CPU.Build.0 = Release|Any CPU
	EndGlobalSection
	GlobalSection(SolutionProperties) = preSolution
		HideSolutionNode = FALSE
	EndGlobalSection
	GlobalSection(ExtensibilityGlobals) = postSolution
		SolutionGuid = {1AA742BC-0973-49D0-B73A-C84E98666543}
	EndGlobalSection
EndGlobal
